
Microsoft Visual Studio Solution File, Format Version 12.00
# Visual Studio Version 17
VisualStudioVersion = 17.6.33815.320
MinimumVisualStudioVersion = 10.0.40219.1
Project("{FAE04EC0-301F-11D3-BF4B-00C04F79EFBC}") = "Phase1Section4.23", "Phase1Section4.23\Phase1Section4.23.csproj", "{BFD09A50-3C80-47F9-8880-D667465959CD}"
EndProject
Global
	GlobalSection(SolutionConfigurationPlatforms) = preSolution
		Debug|Any CPU = Debug|Any CPU
		Release|Any CPU = Release|Any CPU
	EndGlobalSection
	GlobalSection(ProjectConfigurationPlatforms) = postSolution
		{BFD09A50-3C80-47F9-8880-D667465959CD}.Debug|Any CPU.ActiveCfg = Debug|Any CPU
		{BFD09A50-3C80-47F9-8880-D667465959CD}.Debug|Any CPU.Build.0 = Debug|Any CPU
		{BFD09A50-3C80-47F9-8880-D667465959CD}.Release|Any CPU.ActiveCfg = Release|Any CPU
		{BFD09A50-3C80-47F9-8880-D667465959CD}.Release|Any CPU.Build.0 = Release|Any CPU
	EndGlobalSection
	GlobalSection(SolutionProperties) = preSolution
		HideSolutionNode = FALSE
	EndGlobalSection
	GlobalSection(ExtensibilityGlobals) = postSolution
		SolutionGuid = {415D0F97-F42F-4B08-8B7A-1CDF977652D0}
	EndGlobalSection
EndGlobal
